
Microsoft Visual Studio Solution File, Format Version 12.00
# Visual Studio Version 17
VisualStudioVersion = 17.3.32929.385
MinimumVisualStudioVersion = 10.0.40219.1
Project("{FAE04EC0-301F-11D3-BF4B-00C04F79EFBC}") = "TestDivTech", "TestDivTech\TestDivTech.csproj", "{A03528F9-628E-4B16-A146-C85A36B53FD0}"
EndProject
Global
	GlobalSection(SolutionConfigurationPlatforms) = preSolution
		Debug|Any CPU = Debug|Any CPU
		Release|Any CPU = Release|Any CPU
	EndGlobalSection
	GlobalSection(ProjectConfigurationPlatforms) = postSolution
		{A03528F9-628E-4B16-A146-C85A36B53FD0}.Debug|Any CPU.ActiveCfg = Debug|Any CPU
		{A03528F9-628E-4B16-A146-C85A36B53FD0}.Debug|Any CPU.Build.0 = Debug|Any CPU
		{A03528F9-628E-4B16-A146-C85A36B53FD0}.Release|Any CPU.ActiveCfg = Release|Any CPU
		{A03528F9-628E-4B16-A146-C85A36B53FD0}.Release|Any CPU.Build.0 = Release|Any CPU
	EndGlobalSection
	GlobalSection(SolutionProperties) = preSolution
		HideSolutionNode = FALSE
	EndGlobalSection
	GlobalSection(ExtensibilityGlobals) = postSolution
		SolutionGuid = {BB2ECC89-1683-4685-AA23-7FAE69A2BE01}
	EndGlobalSection
EndGlobal
